// !$*UTF8*$!
{
	archiveVersion = 1;
	classes = {
	};
	objectVersion = 56;
	objects = {

/* Begin PBXBuildFile section */
		1022FD5D299E0A4E00DB1071 /* OrderListView.swift in Sources */ = {isa = PBXBuildFile; fileRef = 1022FD5C299E0A4E00DB1071 /* OrderListView.swift */; };
		1022FD5E299E0A4E00DB1071 /* OrderListView.swift in Sources */ = {isa = PBXBuildFile; fileRef = 1022FD5C299E0A4E00DB1071 /* OrderListView.swift */; };
		1022FD5F299E0A4E00DB1071 /* OrderListView.swift in Sources */ = {isa = PBXBuildFile; fileRef = 1022FD5C299E0A4E00DB1071 /* OrderListView.swift */; };
		1022FD61299EB47B00DB1071 /* Api's.swift in Sources */ = {isa = PBXBuildFile; fileRef = 1022FD60299EB47B00DB1071 /* Api's.swift */; };
		1022FD62299EB47B00DB1071 /* Api's.swift in Sources */ = {isa = PBXBuildFile; fileRef = 1022FD60299EB47B00DB1071 /* Api's.swift */; };
		1022FD63299EB47B00DB1071 /* Api's.swift in Sources */ = {isa = PBXBuildFile; fileRef = 1022FD60299EB47B00DB1071 /* Api's.swift */; };
		105233FD298C372700DA2897 /* Shop_ProfileApp.swift in Sources */ = {isa = PBXBuildFile; fileRef = 105233FC298C372700DA2897 /* Shop_ProfileApp.swift */; };
		105233FF298C372700DA2897 /* ContentView.swift in Sources */ = {isa = PBXBuildFile; fileRef = 105233FE298C372700DA2897 /* ContentView.swift */; };
		10523401298C372800DA2897 /* Assets.xcassets in Resources */ = {isa = PBXBuildFile; fileRef = 10523400298C372800DA2897 /* Assets.xcassets */; };
		10523404298C372800DA2897 /* Preview Assets.xcassets in Resources */ = {isa = PBXBuildFile; fileRef = 10523403298C372800DA2897 /* Preview Assets.xcassets */; };
		1052340E298C372800DA2897 /* Shop_ProfileTests.swift in Sources */ = {isa = PBXBuildFile; fileRef = 1052340D298C372800DA2897 /* Shop_ProfileTests.swift */; };
		10523418298C372800DA2897 /* Shop_ProfileUITests.swift in Sources */ = {isa = PBXBuildFile; fileRef = 10523417298C372800DA2897 /* Shop_ProfileUITests.swift */; };
		1052341A298C372800DA2897 /* Shop_ProfileUITestsLaunchTests.swift in Sources */ = {isa = PBXBuildFile; fileRef = 10523419298C372800DA2897 /* Shop_ProfileUITestsLaunchTests.swift */; };
		10523432298C3AD500DA2897 /* HomeView.swift in Sources */ = {isa = PBXBuildFile; fileRef = 10523431298C3AD400DA2897 /* HomeView.swift */; };
		10523433298C3AD500DA2897 /* HomeView.swift in Sources */ = {isa = PBXBuildFile; fileRef = 10523431298C3AD400DA2897 /* HomeView.swift */; };
		10523434298C3AD500DA2897 /* HomeView.swift in Sources */ = {isa = PBXBuildFile; fileRef = 10523431298C3AD400DA2897 /* HomeView.swift */; };
		1052343B298CF6BF00DA2897 /* Search.swift in Sources */ = {isa = PBXBuildFile; fileRef = 1052343A298CF6BF00DA2897 /* Search.swift */; };
		1052343C298CF6BF00DA2897 /* Search.swift in Sources */ = {isa = PBXBuildFile; fileRef = 1052343A298CF6BF00DA2897 /* Search.swift */; };
		1052343D298CF6BF00DA2897 /* Search.swift in Sources */ = {isa = PBXBuildFile; fileRef = 1052343A298CF6BF00DA2897 /* Search.swift */; };
		10523440298D05C100DA2897 /* Colors.swift in Sources */ = {isa = PBXBuildFile; fileRef = 1052343F298D05C100DA2897 /* Colors.swift */; };
		10523441298D05C100DA2897 /* Colors.swift in Sources */ = {isa = PBXBuildFile; fileRef = 1052343F298D05C100DA2897 /* Colors.swift */; };
		10523442298D05C100DA2897 /* Colors.swift in Sources */ = {isa = PBXBuildFile; fileRef = 1052343F298D05C100DA2897 /* Colors.swift */; };
		10523445298D13CB00DA2897 /* ShopInfos.swift in Sources */ = {isa = PBXBuildFile; fileRef = 10523444298D13CB00DA2897 /* ShopInfos.swift */; };
		10523446298D13CB00DA2897 /* ShopInfos.swift in Sources */ = {isa = PBXBuildFile; fileRef = 10523444298D13CB00DA2897 /* ShopInfos.swift */; };
		10523447298D13CB00DA2897 /* ShopInfos.swift in Sources */ = {isa = PBXBuildFile; fileRef = 10523444298D13CB00DA2897 /* ShopInfos.swift */; };
		10523449298D13DE00DA2897 /* OrderInfos.swift in Sources */ = {isa = PBXBuildFile; fileRef = 10523448298D13DE00DA2897 /* OrderInfos.swift */; };
		1052344A298D13DE00DA2897 /* OrderInfos.swift in Sources */ = {isa = PBXBuildFile; fileRef = 10523448298D13DE00DA2897 /* OrderInfos.swift */; };
		1052344B298D13DE00DA2897 /* OrderInfos.swift in Sources */ = {isa = PBXBuildFile; fileRef = 10523448298D13DE00DA2897 /* OrderInfos.swift */; };
		1052344E298D155A00DA2897 /* FetchInfos.swift in Sources */ = {isa = PBXBuildFile; fileRef = 1052344D298D155A00DA2897 /* FetchInfos.swift */; };
		1052344F298D155A00DA2897 /* FetchInfos.swift in Sources */ = {isa = PBXBuildFile; fileRef = 1052344D298D155A00DA2897 /* FetchInfos.swift */; };
		10523450298D155A00DA2897 /* FetchInfos.swift in Sources */ = {isa = PBXBuildFile; fileRef = 1052344D298D155A00DA2897 /* FetchInfos.swift */; };
		10523452298D189D00DA2897 /* Post.swift in Sources */ = {isa = PBXBuildFile; fileRef = 10523451298D189D00DA2897 /* Post.swift */; };
		10523453298D189D00DA2897 /* Post.swift in Sources */ = {isa = PBXBuildFile; fileRef = 10523451298D189D00DA2897 /* Post.swift */; };
		10523454298D189D00DA2897 /* Post.swift in Sources */ = {isa = PBXBuildFile; fileRef = 10523451298D189D00DA2897 /* Post.swift */; };
		10523457298D2ACC00DA2897 /* Alamofire in Frameworks */ = {isa = PBXBuildFile; productRef = 10523456298D2ACC00DA2897 /* Alamofire */; };
/* End PBXBuildFile section */

/* Begin PBXContainerItemProxy section */
		1052340A298C372800DA2897 /* PBXContainerItemProxy */ = {
			isa = PBXContainerItemProxy;
			containerPortal = 105233F1298C372700DA2897 /* Project object */;
			proxyType = 1;
			remoteGlobalIDString = 105233F8298C372700DA2897;
			remoteInfo = "Shop Profile";
		};
		10523414298C372800DA2897 /* PBXContainerItemProxy */ = {
			isa = PBXContainerItemProxy;
			containerPortal = 105233F1298C372700DA2897 /* Project object */;
			proxyType = 1;
			remoteGlobalIDString = 105233F8298C372700DA2897;
			remoteInfo = "Shop Profile";
		};
/* End PBXContainerItemProxy section */

/* Begin PBXFileReference section */
		1022FD5C299E0A4E00DB1071 /* OrderListView.swift */ = {isa = PBXFileReference; lastKnownFileType = sourcecode.swift; path = OrderListView.swift; sourceTree = "<group>"; };
		1022FD60299EB47B00DB1071 /* Api's.swift */ = {isa = PBXFileReference; lastKnownFileType = sourcecode.swift; path = "Api's.swift"; sourceTree = "<group>"; };
		105233F9298C372700DA2897 /* Shop Profile.app */ = {isa = PBXFileReference; explicitFileType = wrapper.application; includeInIndex = 0; path = "Shop Profile.app"; sourceTree = BUILT_PRODUCTS_DIR; };
		105233FC298C372700DA2897 /* Shop_ProfileApp.swift */ = {isa = PBXFileReference; lastKnownFileType = sourcecode.swift; path = Shop_ProfileApp.swift; sourceTree = "<group>"; };
		105233FE298C372700DA2897 /* ContentView.swift */ = {isa = PBXFileReference; lastKnownFileType = sourcecode.swift; path = ContentView.swift; sourceTree = "<group>"; };
		10523400298C372800DA2897 /* Assets.xcassets */ = {isa = PBXFileReference; lastKnownFileType = folder.assetcatalog; path = Assets.xcassets; sourceTree = "<group>"; };
		10523403298C372800DA2897 /* Preview Assets.xcassets */ = {isa = PBXFileReference; lastKnownFileType = folder.assetcatalog; path = "Preview Assets.xcassets"; sourceTree = "<group>"; };
		10523409298C372800DA2897 /* Shop ProfileTests.xctest */ = {isa = PBXFileReference; explicitFileType = wrapper.cfbundle; includeInIndex = 0; path = "Shop ProfileTests.xctest"; sourceTree = BUILT_PRODUCTS_DIR; };
		1052340D298C372800DA2897 /* Shop_ProfileTests.swift */ = {isa = PBXFileReference; lastKnownFileType = sourcecode.swift; path = Shop_ProfileTests.swift; sourceTree = "<group>"; };
		10523413298C372800DA2897 /* Shop ProfileUITests.xctest */ = {isa = PBXFileReference; explicitFileType = wrapper.cfbundle; includeInIndex = 0; path = "Shop ProfileUITests.xctest"; sourceTree = BUILT_PRODUCTS_DIR; };
		10523417298C372800DA2897 /* Shop_ProfileUITests.swift */ = {isa = PBXFileReference; lastKnownFileType = sourcecode.swift; path = Shop_ProfileUITests.swift; sourceTree = "<group>"; };
		10523419298C372800DA2897 /* Shop_ProfileUITestsLaunchTests.swift */ = {isa = PBXFileReference; lastKnownFileType = sourcecode.swift; path = Shop_ProfileUITestsLaunchTests.swift; sourceTree = "<group>"; };
		10523431298C3AD400DA2897 /* HomeView.swift */ = {isa = PBXFileReference; lastKnownFileType = sourcecode.swift; path = HomeView.swift; sourceTree = "<group>"; };
		1052343A298CF6BF00DA2897 /* Search.swift */ = {isa = PBXFileReference; fileEncoding = 4; lastKnownFileType = sourcecode.swift; path = Search.swift; sourceTree = "<group>"; };
		1052343F298D05C100DA2897 /* Colors.swift */ = {isa = PBXFileReference; lastKnownFileType = sourcecode.swift; path = Colors.swift; sourceTree = "<group>"; };
		10523444298D13CB00DA2897 /* ShopInfos.swift */ = {isa = PBXFileReference; lastKnownFileType = sourcecode.swift; path = ShopInfos.swift; sourceTree = "<group>"; };
		10523448298D13DE00DA2897 /* OrderInfos.swift */ = {isa = PBXFileReference; lastKnownFileType = sourcecode.swift; path = OrderInfos.swift; sourceTree = "<group>"; };
		1052344D298D155A00DA2897 /* FetchInfos.swift */ = {isa = PBXFileReference; lastKnownFileType = sourcecode.swift; path = FetchInfos.swift; sourceTree = "<group>"; };
		10523451298D189D00DA2897 /* Post.swift */ = {isa = PBXFileReference; lastKnownFileType = sourcecode.swift; path = Post.swift; sourceTree = "<group>"; };
		10523458298D53AF00DA2897 /* Shop-Profile-Info.plist */ = {isa = PBXFileReference; lastKnownFileType = text.plist; path = "Shop-Profile-Info.plist"; sourceTree = SOURCE_ROOT; };
/* End PBXFileReference section */

/* Begin PBXFrameworksBuildPhase section */
		105233F6298C372700DA2897 /* Frameworks */ = {
			isa = PBXFrameworksBuildPhase;
			buildActionMask = 2147483647;
			files = (
				10523457298D2ACC00DA2897 /* Alamofire in Frameworks */,
			);
			runOnlyForDeploymentPostprocessing = 0;
		};
		10523406298C372800DA2897 /* Frameworks */ = {
			isa = PBXFrameworksBuildPhase;
			buildActionMask = 2147483647;
			files = (
			);
			runOnlyForDeploymentPostprocessing = 0;
		};
		10523410298C372800DA2897 /* Frameworks */ = {
			isa = PBXFrameworksBuildPhase;
			buildActionMask = 2147483647;
			files = (
			);
			runOnlyForDeploymentPostprocessing = 0;
		};
/* End PBXFrameworksBuildPhase section */

/* Begin PBXGroup section */
		105233F0298C372700DA2897 = {
			isa = PBXGroup;
			children = (
				105233FB298C372700DA2897 /* Shop Profile */,
				1052340C298C372800DA2897 /* Shop ProfileTests */,
				10523416298C372800DA2897 /* Shop ProfileUITests */,
				105233FA298C372700DA2897 /* Products */,
			);
			sourceTree = "<group>";
		};
		105233FA298C372700DA2897 /* Products */ = {
			isa = PBXGroup;
			children = (
				105233F9298C372700DA2897 /* Shop Profile.app */,
				10523409298C372800DA2897 /* Shop ProfileTests.xctest */,
				10523413298C372800DA2897 /* Shop ProfileUITests.xctest */,
			);
			name = Products;
			sourceTree = "<group>";
		};
		105233FB298C372700DA2897 /* Shop Profile */ = {
			isa = PBXGroup;
			children = (
				10523458298D53AF00DA2897 /* Shop-Profile-Info.plist */,
				1052344C298D153900DA2897 /* ViewModels */,
				10523443298D13AF00DA2897 /* Models */,
				1052343E298D05B200DA2897 /* Colors */,
				10523430298C3ABE00DA2897 /* Views */,
				105233FC298C372700DA2897 /* Shop_ProfileApp.swift */,
				105233FE298C372700DA2897 /* ContentView.swift */,
				10523400298C372800DA2897 /* Assets.xcassets */,
				10523402298C372800DA2897 /* Preview Content */,
			);
			path = "Shop Profile";
			sourceTree = "<group>";
		};
		10523402298C372800DA2897 /* Preview Content */ = {
			isa = PBXGroup;
			children = (
				10523403298C372800DA2897 /* Preview Assets.xcassets */,
			);
			path = "Preview Content";
			sourceTree = "<group>";
		};
		1052340C298C372800DA2897 /* Shop ProfileTests */ = {
			isa = PBXGroup;
			children = (
				1052340D298C372800DA2897 /* Shop_ProfileTests.swift */,
			);
			path = "Shop ProfileTests";
			sourceTree = "<group>";
		};
		10523416298C372800DA2897 /* Shop ProfileUITests */ = {
			isa = PBXGroup;
			children = (
				10523417298C372800DA2897 /* Shop_ProfileUITests.swift */,
				10523419298C372800DA2897 /* Shop_ProfileUITestsLaunchTests.swift */,
			);
			path = "Shop ProfileUITests";
			sourceTree = "<group>";
		};
		10523430298C3ABE00DA2897 /* Views */ = {
			isa = PBXGroup;
			children = (
				10523431298C3AD400DA2897 /* HomeView.swift */,
				10523435298CDBC400DA2897 /* SubVIews */,
			);
			path = Views;
			sourceTree = "<group>";
		};
		10523435298CDBC400DA2897 /* SubVIews */ = {
			isa = PBXGroup;
			children = (
				1052343A298CF6BF00DA2897 /* Search.swift */,
				1022FD5C299E0A4E00DB1071 /* OrderListView.swift */,
			);
			path = SubVIews;
			sourceTree = "<group>";
		};
		1052343E298D05B200DA2897 /* Colors */ = {
			isa = PBXGroup;
			children = (
				1052343F298D05C100DA2897 /* Colors.swift */,
			);
			path = Colors;
			sourceTree = "<group>";
		};
		10523443298D13AF00DA2897 /* Models */ = {
			isa = PBXGroup;
			children = (
				10523451298D189D00DA2897 /* Post.swift */,
				10523444298D13CB00DA2897 /* ShopInfos.swift */,
				10523448298D13DE00DA2897 /* OrderInfos.swift */,
			);
			path = Models;
			sourceTree = "<group>";
		};
		1052344C298D153900DA2897 /* ViewModels */ = {
			isa = PBXGroup;
			children = (
				1052344D298D155A00DA2897 /* FetchInfos.swift */,
				1022FD60299EB47B00DB1071 /* Api's.swift */,
			);
			path = ViewModels;
			sourceTree = "<group>";
		};
/* End PBXGroup section */

/* Begin PBXNativeTarget section */
		105233F8298C372700DA2897 /* Shop Profile */ = {
			isa = PBXNativeTarget;
			buildConfigurationList = 1052341D298C372800DA2897 /* Build configuration list for PBXNativeTarget "Shop Profile" */;
			buildPhases = (
				105233F5298C372700DA2897 /* Sources */,
				105233F6298C372700DA2897 /* Frameworks */,
				105233F7298C372700DA2897 /* Resources */,
			);
			buildRules = (
			);
			dependencies = (
			);
			name = "Shop Profile";
			packageProductDependencies = (
				10523456298D2ACC00DA2897 /* Alamofire */,
			);
			productName = "Shop Profile";
			productReference = 105233F9298C372700DA2897 /* Shop Profile.app */;
			productType = "com.apple.product-type.application";
		};
		10523408298C372800DA2897 /* Shop ProfileTests */ = {
			isa = PBXNativeTarget;
			buildConfigurationList = 10523420298C372800DA2897 /* Build configuration list for PBXNativeTarget "Shop ProfileTests" */;
			buildPhases = (
				10523405298C372800DA2897 /* Sources */,
				10523406298C372800DA2897 /* Frameworks */,
				10523407298C372800DA2897 /* Resources */,
			);
			buildRules = (
			);
			dependencies = (
				1052340B298C372800DA2897 /* PBXTargetDependency */,
			);
			name = "Shop ProfileTests";
			productName = "Shop ProfileTests";
			productReference = 10523409298C372800DA2897 /* Shop ProfileTests.xctest */;
			productType = "com.apple.product-type.bundle.unit-test";
		};
		10523412298C372800DA2897 /* Shop ProfileUITests */ = {
			isa = PBXNativeTarget;
			buildConfigurationList = 10523423298C372800DA2897 /* Build configuration list for PBXNativeTarget "Shop ProfileUITests" */;
			buildPhases = (
				1052340F298C372800DA2897 /* Sources */,
				10523410298C372800DA2897 /* Frameworks */,
				10523411298C372800DA2897 /* Resources */,
			);
			buildRules = (
			);
			dependencies = (
				10523415298C372800DA2897 /* PBXTargetDependency */,
			);
			name = "Shop ProfileUITests";
			productName = "Shop ProfileUITests";
			productReference = 10523413298C372800DA2897 /* Shop ProfileUITests.xctest */;
			productType = "com.apple.product-type.bundle.ui-testing";
		};
/* End PBXNativeTarget section */

/* Begin PBXProject section */
		105233F1298C372700DA2897 /* Project object */ = {
			isa = PBXProject;
			attributes = {
				BuildIndependentTargetsInParallel = 1;
				LastSwiftUpdateCheck = 1420;
				LastUpgradeCheck = 1420;
				TargetAttributes = {
					105233F8298C372700DA2897 = {
						CreatedOnToolsVersion = 14.2;
					};
					10523408298C372800DA2897 = {
						CreatedOnToolsVersion = 14.2;
						TestTargetID = 105233F8298C372700DA2897;
					};
					10523412298C372800DA2897 = {
						CreatedOnToolsVersion = 14.2;
						TestTargetID = 105233F8298C372700DA2897;
					};
				};
			};
			buildConfigurationList = 105233F4298C372700DA2897 /* Build configuration list for PBXProject "Shop Profile" */;
			compatibilityVersion = "Xcode 14.0";
			developmentRegion = en;
			hasScannedForEncodings = 0;
			knownRegions = (
				en,
				Base,
			);
			mainGroup = 105233F0298C372700DA2897;
			packageReferences = (
				10523455298D2ACC00DA2897 /* XCRemoteSwiftPackageReference "Alamofire" */,
			);
			productRefGroup = 105233FA298C372700DA2897 /* Products */;
			projectDirPath = "";
			projectRoot = "";
			targets = (
				105233F8298C372700DA2897 /* Shop Profile */,
				10523408298C372800DA2897 /* Shop ProfileTests */,
				10523412298C372800DA2897 /* Shop ProfileUITests */,
			);
		};
/* End PBXProject section */

/* Begin PBXResourcesBuildPhase section */
		105233F7298C372700DA2897 /* Resources */ = {
			isa = PBXResourcesBuildPhase;
			buildActionMask = 2147483647;
			files = (
				10523404298C372800DA2897 /* Preview Assets.xcassets in Resources */,
				10523401298C372800DA2897 /* Assets.xcassets in Resources */,
			);
			runOnlyForDeploymentPostprocessing = 0;
		};
		10523407298C372800DA2897 /* Resources */ = {
			isa = PBXResourcesBuildPhase;
			buildActionMask = 2147483647;
			files = (
			);
			runOnlyForDeploymentPostprocessing = 0;
		};
		10523411298C372800DA2897 /* Resources */ = {
			isa = PBXResourcesBuildPhase;
			buildActionMask = 2147483647;
			files = (
			);
			runOnlyForDeploymentPostprocessing = 0;
		};
/* End PBXResourcesBuildPhase section */

/* Begin PBXSourcesBuildPhase section */
		105233F5298C372700DA2897 /* Sources */ = {
			isa = PBXSourcesBuildPhase;
			buildActionMask = 2147483647;
			files = (
				10523440298D05C100DA2897 /* Colors.swift in Sources */,
				1052344E298D155A00DA2897 /* FetchInfos.swift in Sources */,
				10523432298C3AD500DA2897 /* HomeView.swift in Sources */,
				10523445298D13CB00DA2897 /* ShopInfos.swift in Sources */,
				1052343B298CF6BF00DA2897 /* Search.swift in Sources */,
				1022FD5D299E0A4E00DB1071 /* OrderListView.swift in Sources */,
				105233FF298C372700DA2897 /* ContentView.swift in Sources */,
				10523449298D13DE00DA2897 /* OrderInfos.swift in Sources */,
				105233FD298C372700DA2897 /* Shop_ProfileApp.swift in Sources */,
				1022FD61299EB47B00DB1071 /* Api's.swift in Sources */,
				10523452298D189D00DA2897 /* Post.swift in Sources */,
			);
			runOnlyForDeploymentPostprocessing = 0;
		};
		10523405298C372800DA2897 /* Sources */ = {
			isa = PBXSourcesBuildPhase;
			buildActionMask = 2147483647;
			files = (
				1022FD62299EB47B00DB1071 /* Api's.swift in Sources */,
				1052340E298C372800DA2897 /* Shop_ProfileTests.swift in Sources */,
				10523446298D13CB00DA2897 /* ShopInfos.swift in Sources */,
				1022FD5E299E0A4E00DB1071 /* OrderListView.swift in Sources */,
				10523441298D05C100DA2897 /* Colors.swift in Sources */,
				1052343C298CF6BF00DA2897 /* Search.swift in Sources */,
				10523433298C3AD500DA2897 /* HomeView.swift in Sources */,
				10523453298D189D00DA2897 /* Post.swift in Sources */,
				1052344A298D13DE00DA2897 /* OrderInfos.swift in Sources */,
				1052344F298D155A00DA2897 /* FetchInfos.swift in Sources */,
			);
			runOnlyForDeploymentPostprocessing = 0;
		};
		1052340F298C372800DA2897 /* Sources */ = {
			isa = PBXSourcesBuildPhase;
			buildActionMask = 2147483647;
			files = (
				10523442298D05C100DA2897 /* Colors.swift in Sources */,
				10523450298D155A00DA2897 /* FetchInfos.swift in Sources */,
				10523434298C3AD500DA2897 /* HomeView.swift in Sources */,
				10523447298D13CB00DA2897 /* ShopInfos.swift in Sources */,
				1052343D298CF6BF00DA2897 /* Search.swift in Sources */,
				1022FD5F299E0A4E00DB1071 /* OrderListView.swift in Sources */,
				1052341A298C372800DA2897 /* Shop_ProfileUITestsLaunchTests.swift in Sources */,
				1052344B298D13DE00DA2897 /* OrderInfos.swift in Sources */,
				10523418298C372800DA2897 /* Shop_ProfileUITests.swift in Sources */,
				1022FD63299EB47B00DB1071 /* Api's.swift in Sources */,
				10523454298D189D00DA2897 /* Post.swift in Sources */,
			);
			runOnlyForDeploymentPostprocessing = 0;
		};
/* End PBXSourcesBuildPhase section */

/* Begin PBXTargetDependency section */
		1052340B298C372800DA2897 /* PBXTargetDependency */ = {
			isa = PBXTargetDependency;
			target = 105233F8298C372700DA2897 /* Shop Profile */;
			targetProxy = 1052340A298C372800DA2897 /* PBXContainerItemProxy */;
		};
		10523415298C372800DA2897 /* PBXTargetDependency */ = {
			isa = PBXTargetDependency;
			target = 105233F8298C372700DA2897 /* Shop Profile */;
			targetProxy = 10523414298C372800DA2897 /* PBXContainerItemProxy */;
		};
/* End PBXTargetDependency section */

/* Begin XCBuildConfiguration section */
		1052341B298C372800DA2897 /* Debug */ = {
			isa = XCBuildConfiguration;
			buildSettings = {
				ALWAYS_SEARCH_USER_PATHS = NO;
				CLANG_ANALYZER_NONNULL = YES;
				CLANG_ANALYZER_NUMBER_OBJECT_CONVERSION = YES_AGGRESSIVE;
				CLANG_CXX_LANGUAGE_STANDARD = "gnu++20";
				CLANG_ENABLE_MODULES = YES;
				CLANG_ENABLE_OBJC_ARC = YES;
				CLANG_ENABLE_OBJC_WEAK = YES;
				CLANG_WARN_BLOCK_CAPTURE_AUTORELEASING = YES;
				CLANG_WARN_BOOL_CONVERSION = YES;
				CLANG_WARN_COMMA = YES;
				CLANG_WARN_CONSTANT_CONVERSION = YES;
				CLANG_WARN_DEPRECATED_OBJC_IMPLEMENTATIONS = YES;
				CLANG_WARN_DIRECT_OBJC_ISA_USAGE = YES_ERROR;
				CLANG_WARN_DOCUMENTATION_COMMENTS = YES;
				CLANG_WARN_EMPTY_BODY = YES;
				CLANG_WARN_ENUM_CONVERSION = YES;
				CLANG_WARN_INFINITE_RECURSION = YES;
				CLANG_WARN_INT_CONVERSION = YES;
				CLANG_WARN_NON_LITERAL_NULL_CONVERSION = YES;
				CLANG_WARN_OBJC_IMPLICIT_RETAIN_SELF = YES;
				CLANG_WARN_OBJC_LITERAL_CONVERSION = YES;
				CLANG_WARN_OBJC_ROOT_CLASS = YES_ERROR;
				CLANG_WARN_QUOTED_INCLUDE_IN_FRAMEWORK_HEADER = YES;
				CLANG_WARN_RANGE_LOOP_ANALYSIS = YES;
				CLANG_WARN_STRICT_PROTOTYPES = YES;
				CLANG_WARN_SUSPICIOUS_MOVE = YES;
				CLANG_WARN_UNGUARDED_AVAILABILITY = YES_AGGRESSIVE;
				CLANG_WARN_UNREACHABLE_CODE = YES;
				CLANG_WARN__DUPLICATE_METHOD_MATCH = YES;
				COPY_PHASE_STRIP = NO;
				DEBUG_INFORMATION_FORMAT = dwarf;
				ENABLE_STRICT_OBJC_MSGSEND = YES;
				ENABLE_TESTABILITY = YES;
				GCC_C_LANGUAGE_STANDARD = gnu11;
				GCC_DYNAMIC_NO_PIC = NO;
				GCC_NO_COMMON_BLOCKS = YES;
				GCC_OPTIMIZATION_LEVEL = 0;
				GCC_PREPROCESSOR_DEFINITIONS = (
					"DEBUG=1",
					"$(inherited)",
				);
				GCC_WARN_64_TO_32_BIT_CONVERSION = YES;
				GCC_WARN_ABOUT_RETURN_TYPE = YES_ERROR;
				GCC_WARN_UNDECLARED_SELECTOR = YES;
				GCC_WARN_UNINITIALIZED_AUTOS = YES_AGGRESSIVE;
				GCC_WARN_UNUSED_FUNCTION = YES;
				GCC_WARN_UNUSED_VARIABLE = YES;
				IPHONEOS_DEPLOYMENT_TARGET = 16.2;
				MTL_ENABLE_DEBUG_INFO = INCLUDE_SOURCE;
				MTL_FAST_MATH = YES;
				ONLY_ACTIVE_ARCH = YES;
				SDKROOT = iphoneos;
				SWIFT_ACTIVE_COMPILATION_CONDITIONS = DEBUG;
				SWIFT_OPTIMIZATION_LEVEL = "-Onone";
			};
			name = Debug;
		};
		1052341C298C372800DA2897 /* Release */ = {
			isa = XCBuildConfiguration;
			buildSettings = {
				ALWAYS_SEARCH_USER_PATHS = NO;
				CLANG_ANALYZER_NONNULL = YES;
				CLANG_ANALYZER_NUMBER_OBJECT_CONVERSION = YES_AGGRESSIVE;
				CLANG_CXX_LANGUAGE_STANDARD = "gnu++20";
				CLANG_ENABLE_MODULES = YES;
				CLANG_ENABLE_OBJC_ARC = YES;
				CLANG_ENABLE_OBJC_WEAK = YES;
				CLANG_WARN_BLOCK_CAPTURE_AUTORELEASING = YES;
				CLANG_WARN_BOOL_CONVERSION = YES;
				CLANG_WARN_COMMA = YES;
				CLANG_WARN_CONSTANT_CONVERSION = YES;
				CLANG_WARN_DEPRECATED_OBJC_IMPLEMENTATIONS = YES;
				CLANG_WARN_DIRECT_OBJC_ISA_USAGE = YES_ERROR;
				CLANG_WARN_DOCUMENTATION_COMMENTS = YES;
				CLANG_WARN_EMPTY_BODY = YES;
				CLANG_WARN_ENUM_CONVERSION = YES;
				CLANG_WARN_INFINITE_RECURSION = YES;
				CLANG_WARN_INT_CONVERSION = YES;
				CLANG_WARN_NON_LITERAL_NULL_CONVERSION = YES;
				CLANG_WARN_OBJC_IMPLICIT_RETAIN_SELF = YES;
				CLANG_WARN_OBJC_LITERAL_CONVERSION = YES;
				CLANG_WARN_OBJC_ROOT_CLASS = YES_ERROR;
				CLANG_WARN_QUOTED_INCLUDE_IN_FRAMEWORK_HEADER = YES;
				CLANG_WARN_RANGE_LOOP_ANALYSIS = YES;
				CLANG_WARN_STRICT_PROTOTYPES = YES;
				CLANG_WARN_SUSPICIOUS_MOVE = YES;
				CLANG_WARN_UNGUARDED_AVAILABILITY = YES_AGGRESSIVE;
				CLANG_WARN_UNREACHABLE_CODE = YES;
				CLANG_WARN__DUPLICATE_METHOD_MATCH = YES;
				COPY_PHASE_STRIP = NO;
				DEBUG_INFORMATION_FORMAT = "dwarf-with-dsym";
				ENABLE_NS_ASSERTIONS = NO;
				ENABLE_STRICT_OBJC_MSGSEND = YES;
				GCC_C_LANGUAGE_STANDARD = gnu11;
				GCC_NO_COMMON_BLOCKS = YES;
				GCC_WARN_64_TO_32_BIT_CONVERSION = YES;
				GCC_WARN_ABOUT_RETURN_TYPE = YES_ERROR;
				GCC_WARN_UNDECLARED_SELECTOR = YES;
				GCC_WARN_UNINITIALIZED_AUTOS = YES_AGGRESSIVE;
				GCC_WARN_UNUSED_FUNCTION = YES;
				GCC_WARN_UNUSED_VARIABLE = YES;
				IPHONEOS_DEPLOYMENT_TARGET = 16.2;
				MTL_ENABLE_DEBUG_INFO = NO;
				MTL_FAST_MATH = YES;
				SDKROOT = iphoneos;
				SWIFT_COMPILATION_MODE = wholemodule;
				SWIFT_OPTIMIZATION_LEVEL = "-O";
				VALIDATE_PRODUCT = YES;
			};
			name = Release;
		};
		1052341E298C372800DA2897 /* Debug */ = {
			isa = XCBuildConfiguration;
			buildSettings = {
				ASSETCATALOG_COMPILER_APPICON_NAME = AppIcon;
				ASSETCATALOG_COMPILER_GLOBAL_ACCENT_COLOR_NAME = AccentColor;
				CODE_SIGN_STYLE = Automatic;
				CURRENT_PROJECT_VERSION = 1;
				DEVELOPMENT_ASSET_PATHS = "\"Shop Profile/Preview Content\"";
				ENABLE_PREVIEWS = YES;
				GENERATE_INFOPLIST_FILE = YES;
				INFOPLIST_FILE = "Shop-Profile-Info.plist";
				INFOPLIST_KEY_UIApplicationSceneManifest_Generation = YES;
				INFOPLIST_KEY_UIApplicationSupportsIndirectInputEvents = YES;
				INFOPLIST_KEY_UILaunchScreen_Generation = YES;
				INFOPLIST_KEY_UISupportedInterfaceOrientations_iPad = "UIInterfaceOrientationPortrait UIInterfaceOrientationPortraitUpsideDown UIInterfaceOrientationLandscapeLeft UIInterfaceOrientationLandscapeRight";
				INFOPLIST_KEY_UISupportedInterfaceOrientations_iPhone = "UIInterfaceOrientationPortrait UIInterfaceOrientationLandscapeLeft UIInterfaceOrientationLandscapeRight";
				LD_RUNPATH_SEARCH_PATHS = (
					"$(inherited)",
					"@executable_path/Frameworks",
				);
				MARKETING_VERSION = 1.0;
				PRODUCT_BUNDLE_IDENTIFIER = "com.mdabirhossain.Shop-Profile";
				PRODUCT_NAME = "$(TARGET_NAME)";
				SWIFT_EMIT_LOC_STRINGS = YES;
				SWIFT_VERSION = 5.0;
				TARGETED_DEVICE_FAMILY = "1,2";
			};
			name = Debug;
		};
		1052341F298C372800DA2897 /* Release */ = {
			isa = XCBuildConfiguration;
			buildSettings = {
				ASSETCATALOG_COMPILER_APPICON_NAME = AppIcon;
				ASSETCATALOG_COMPILER_GLOBAL_ACCENT_COLOR_NAME = AccentColor;
				CODE_SIGN_STYLE = Automatic;
				CURRENT_PROJECT_VERSION = 1;
				DEVELOPMENT_ASSET_PATHS = "\"Shop Profile/Preview Content\"";
				ENABLE_PREVIEWS = YES;
				GENERATE_INFOPLIST_FILE = YES;
				INFOPLIST_FILE = "Shop-Profile-Info.plist";
				INFOPLIST_KEY_UIApplicationSceneManifest_Generation = YES;
				INFOPLIST_KEY_UIApplicationSupportsIndirectInputEvents = YES;
				INFOPLIST_KEY_UILaunchScreen_Generation = YES;
				INFOPLIST_KEY_UISupportedInterfaceOrientations_iPad = "UIInterfaceOrientationPortrait UIInterfaceOrientationPortraitUpsideDown UIInterfaceOrientationLandscapeLeft UIInterfaceOrientationLandscapeRight";
				INFOPLIST_KEY_UISupportedInterfaceOrientations_iPhone = "UIInterfaceOrientationPortrait UIInterfaceOrientationLandscapeLeft UIInterfaceOrientationLandscapeRight";
				LD_RUNPATH_SEARCH_PATHS = (
					"$(inherited)",
					"@executable_path/Frameworks",
				);
				MARKETING_VERSION = 1.0;
				PRODUCT_BUNDLE_IDENTIFIER = "com.mdabirhossain.Shop-Profile";
				PRODUCT_NAME = "$(TARGET_NAME)";
				SWIFT_EMIT_LOC_STRINGS = YES;
				SWIFT_VERSION = 5.0;
				TARGETED_DEVICE_FAMILY = "1,2";
			};
			name = Release;
		};
		10523421298C372800DA2897 /* Debug */ = {
			isa = XCBuildConfiguration;
			buildSettings = {
				ALWAYS_EMBED_SWIFT_STANDARD_LIBRARIES = YES;
				BUNDLE_LOADER = "$(TEST_HOST)";
				CODE_SIGN_STYLE = Automatic;
				CURRENT_PROJECT_VERSION = 1;
				GENERATE_INFOPLIST_FILE = YES;
				IPHONEOS_DEPLOYMENT_TARGET = 16.2;
				MARKETING_VERSION = 1.0;
				PRODUCT_BUNDLE_IDENTIFIER = "com.mdabirhossain.Shop-ProfileTests";
				PRODUCT_NAME = "$(TARGET_NAME)";
				SWIFT_EMIT_LOC_STRINGS = NO;
				SWIFT_VERSION = 5.0;
				TARGETED_DEVICE_FAMILY = "1,2";
				TEST_HOST = "$(BUILT_PRODUCTS_DIR)/Shop Profile.app/$(BUNDLE_EXECUTABLE_FOLDER_PATH)/Shop Profile";
			};
			name = Debug;
		};
		10523422298C372800DA2897 /* Release */ = {
			isa = XCBuildConfiguration;
			buildSettings = {
				ALWAYS_EMBED_SWIFT_STANDARD_LIBRARIES = YES;
				BUNDLE_LOADER = "$(TEST_HOST)";
				CODE_SIGN_STYLE = Automatic;
				CURRENT_PROJECT_VERSION = 1;
				GENERATE_INFOPLIST_FILE = YES;
				IPHONEOS_DEPLOYMENT_TARGET = 16.2;
				MARKETING_VERSION = 1.0;
				PRODUCT_BUNDLE_IDENTIFIER = "com.mdabirhossain.Shop-ProfileTests";
				PRODUCT_NAME = "$(TARGET_NAME)";
				SWIFT_EMIT_LOC_STRINGS = NO;
				SWIFT_VERSION = 5.0;
				TARGETED_DEVICE_FAMILY = "1,2";
				TEST_HOST = "$(BUILT_PRODUCTS_DIR)/Shop Profile.app/$(BUNDLE_EXECUTABLE_FOLDER_PATH)/Shop Profile";
			};
			name = Release;
		};
		10523424298C372800DA2897 /* Debug */ = {
			isa = XCBuildConfiguration;
			buildSettings = {
				ALWAYS_EMBED_SWIFT_STANDARD_LIBRARIES = YES;
				CODE_SIGN_STYLE = Automatic;
				CURRENT_PROJECT_VERSION = 1;
				GENERATE_INFOPLIST_FILE = YES;
				MARKETING_VERSION = 1.0;
				PRODUCT_BUNDLE_IDENTIFIER = "com.mdabirhossain.Shop-ProfileUITests";
				PRODUCT_NAME = "$(TARGET_NAME)";
				SWIFT_EMIT_LOC_STRINGS = NO;
				SWIFT_VERSION = 5.0;
				TARGETED_DEVICE_FAMILY = "1,2";
				TEST_TARGET_NAME = "Shop Profile";
			};
			name = Debug;
		};
		10523425298C372800DA2897 /* Release */ = {
			isa = XCBuildConfiguration;
			buildSettings = {
				ALWAYS_EMBED_SWIFT_STANDARD_LIBRARIES = YES;
				CODE_SIGN_STYLE = Automatic;
				CURRENT_PROJECT_VERSION = 1;
				GENERATE_INFOPLIST_FILE = YES;
				MARKETING_VERSION = 1.0;
				PRODUCT_BUNDLE_IDENTIFIER = "com.mdabirhossain.Shop-ProfileUITests";
				PRODUCT_NAME = "$(TARGET_NAME)";
				SWIFT_EMIT_LOC_STRINGS = NO;
				SWIFT_VERSION = 5.0;
				TARGETED_DEVICE_FAMILY = "1,2";
				TEST_TARGET_NAME = "Shop Profile";
			};
			name = Release;
		};
/* End XCBuildConfiguration section */

/* Begin XCConfigurationList section */
		105233F4298C372700DA2897 /* Build configuration list for PBXProject "Shop Profile" */ = {
			isa = XCConfigurationList;
			buildConfigurations = (
				1052341B298C372800DA2897 /* Debug */,
				1052341C298C372800DA2897 /* Release */,
			);
			defaultConfigurationIsVisible = 0;
			defaultConfigurationName = Release;
		};
		1052341D298C372800DA2897 /* Build configuration list for PBXNativeTarget "Shop Profile" */ = {
			isa = XCConfigurationList;
			buildConfigurations = (
				1052341E298C372800DA2897 /* Debug */,
				1052341F298C372800DA2897 /* Release */,
			);
			defaultConfigurationIsVisible = 0;
			defaultConfigurationName = Release;
		};
		10523420298C372800DA2897 /* Build configuration list for PBXNativeTarget "Shop ProfileTests" */ = {
			isa = XCConfigurationList;
			buildConfigurations = (
				10523421298C372800DA2897 /* Debug */,
				10523422298C372800DA2897 /* Release */,
			);
			defaultConfigurationIsVisible = 0;
			defaultConfigurationName = Release;
		};
		10523423298C372800DA2897 /* Build configuration list for PBXNativeTarget "Shop ProfileUITests" */ = {
			isa = XCConfigurationList;
			buildConfigurations = (
				10523424298C372800DA2897 /* Debug */,
				10523425298C372800DA2897 /* Release */,
			);
			defaultConfigurationIsVisible = 0;
			defaultConfigurationName = Release;
		};
/* End XCConfigurationList section */

/* Begin XCRemoteSwiftPackageReference section */
		10523455298D2ACC00DA2897 /* XCRemoteSwiftPackageReference "Alamofire" */ = {
			isa = XCRemoteSwiftPackageReference;
			repositoryURL = "https://github.com/Alamofire/Alamofire.git";
			requirement = {
				kind = upToNextMajorVersion;
				minimumVersion = 5.0.0;
			};
		};
/* End XCRemoteSwiftPackageReference section */

/* Begin XCSwiftPackageProductDependency section */
		10523456298D2ACC00DA2897 /* Alamofire */ = {
			isa = XCSwiftPackageProductDependency;
			package = 10523455298D2ACC00DA2897 /* XCRemoteSwiftPackageReference "Alamofire" */;
			productName = Alamofire;
		};
/* End XCSwiftPackageProductDependency section */
	};
	rootObject = 105233F1298C372700DA2897 /* Project object */;
}
